
Microsoft Visual Studio Solution File, Format Version 12.00
# Visual Studio Version 17
VisualStudioVersion = 17.4.33213.308
MinimumVisualStudioVersion = 10.0.40219.1
Project("{FAE04EC0-301F-11D3-BF4B-00C04F79EFBC}") = "Add Multiple Persom", "Add Multiple Persom\Add Multiple Persom.csproj", "{79ECE23C-4140-4370-A665-54EB97E138EE}"
EndProject
Global
	GlobalSection(SolutionConfigurationPlatforms) = preSolution
		Debug|Any CPU = Debug|Any CPU
		Release|Any CPU = Release|Any CPU
	EndGlobalSection
	GlobalSection(ProjectConfigurationPlatforms) = postSolution
		{79ECE23C-4140-4370-A665-54EB97E138EE}.Debug|Any CPU.ActiveCfg = Debug|Any CPU
		{79ECE23C-4140-4370-A665-54EB97E138EE}.Debug|Any CPU.Build.0 = Debug|Any CPU
		{79ECE23C-4140-4370-A665-54EB97E138EE}.Release|Any CPU.ActiveCfg = Release|Any CPU
		{79ECE23C-4140-4370-A665-54EB97E138EE}.Release|Any CPU.Build.0 = Release|Any CPU
	EndGlobalSection
	GlobalSection(SolutionProperties) = preSolution
		HideSolutionNode = FALSE
	EndGlobalSection
	GlobalSection(ExtensibilityGlobals) = postSolution
		SolutionGuid = {407E195E-22E8-4076-A120-C3983AB86AA4}
	EndGlobalSection
EndGlobal
